
Microsoft Visual Studio Solution File, Format Version 12.00
# Visual Studio Version 17
VisualStudioVersion = 17.5.33516.290
MinimumVisualStudioVersion = 10.0.40219.1
Project("{FAE04EC0-301F-11D3-BF4B-00C04F79EFBC}") = "Task_7_PolessUP", "Task_7_PolessUP\Task_7_PolessUP.csproj", "{5E263398-DF32-48D5-A606-AA5BA0DE164F}"
EndProject
Global
	GlobalSection(SolutionConfigurationPlatforms) = preSolution
		Debug|Any CPU = Debug|Any CPU
		Release|Any CPU = Release|Any CPU
	EndGlobalSection
	GlobalSection(ProjectConfigurationPlatforms) = postSolution
		{5E263398-DF32-48D5-A606-AA5BA0DE164F}.Debug|Any CPU.ActiveCfg = Debug|Any CPU
		{5E263398-DF32-48D5-A606-AA5BA0DE164F}.Debug|Any CPU.Build.0 = Debug|Any CPU
		{5E263398-DF32-48D5-A606-AA5BA0DE164F}.Release|Any CPU.ActiveCfg = Release|Any CPU
		{5E263398-DF32-48D5-A606-AA5BA0DE164F}.Release|Any CPU.Build.0 = Release|Any CPU
	EndGlobalSection
	GlobalSection(SolutionProperties) = preSolution
		HideSolutionNode = FALSE
	EndGlobalSection
	GlobalSection(ExtensibilityGlobals) = postSolution
		SolutionGuid = {2E8F3F3A-3DD7-4974-8A4C-8C8DEBA5211D}
	EndGlobalSection
EndGlobal
